
Microsoft Visual Studio Solution File, Format Version 12.00
# Visual Studio 14
VisualStudioVersion = 14.0.23107.0
MinimumVisualStudioVersion = 10.0.40219.1
Project("{FAE04EC0-301F-11D3-BF4B-00C04F79EFBC}") = "GettingStartedLib", "GettingStartedLib\GettingStartedLib.csproj", "{ECC2D1EC-828A-4DA9-9EA7-61B680A44D24}"
EndProject
Global
	GlobalSection(SolutionConfigurationPlatforms) = preSolution
		Debug|Any CPU = Debug|Any CPU
		Release|Any CPU = Release|Any CPU
	EndGlobalSection
	GlobalSection(ProjectConfigurationPlatforms) = postSolution
		{ECC2D1EC-828A-4DA9-9EA7-61B680A44D24}.Debug|Any CPU.ActiveCfg = Debug|Any CPU
		{ECC2D1EC-828A-4DA9-9EA7-61B680A44D24}.Debug|Any CPU.Build.0 = Debug|Any CPU
		{ECC2D1EC-828A-4DA9-9EA7-61B680A44D24}.Release|Any CPU.ActiveCfg = Release|Any CPU
		{ECC2D1EC-828A-4DA9-9EA7-61B680A44D24}.Release|Any CPU.Build.0 = Release|Any CPU
	EndGlobalSection
	GlobalSection(SolutionProperties) = preSolution
		HideSolutionNode = FALSE
	EndGlobalSection
EndGlobal
